
Microsoft Visual Studio Solution File, Format Version 12.00
# Visual Studio Version 17
VisualStudioVersion = 17.3.32929.385
MinimumVisualStudioVersion = 10.0.40219.1
Project("{FAE04EC0-301F-11D3-BF4B-00C04F79EFBC}") = "DelCon", "DelCon\DelCon.csproj", "{B73AE7E2-0FBE-42CC-A08F-36128B82FC79}"
EndProject
Project("{FAE04EC0-301F-11D3-BF4B-00C04F79EFBC}") = "ExtMethodLibrary", "ExtMethodLibrary\ExtMethodLibrary.csproj", "{42EBAAEE-7276-4D64-B2D4-227167923579}"
EndProject
Project("{FAE04EC0-301F-11D3-BF4B-00C04F79EFBC}") = "VersoThreeConcepts", "VersoThreeConcepts\VersoThreeConcepts.csproj", "{4ABA7B31-DC06-49AB-9083-B887E960A160}"
EndProject
Global
	GlobalSection(SolutionConfigurationPlatforms) = preSolution
		Debug|Any CPU = Debug|Any CPU
		Release|Any CPU = Release|Any CPU
	EndGlobalSection
	GlobalSection(ProjectConfigurationPlatforms) = postSolution
		{B73AE7E2-0FBE-42CC-A08F-36128B82FC79}.Debug|Any CPU.ActiveCfg = Debug|Any CPU
		{B73AE7E2-0FBE-42CC-A08F-36128B82FC79}.Debug|Any CPU.Build.0 = Debug|Any CPU
		{B73AE7E2-0FBE-42CC-A08F-36128B82FC79}.Release|Any CPU.ActiveCfg = Release|Any CPU
		{B73AE7E2-0FBE-42CC-A08F-36128B82FC79}.Release|Any CPU.Build.0 = Release|Any CPU
		{42EBAAEE-7276-4D64-B2D4-227167923579}.Debug|Any CPU.ActiveCfg = Debug|Any CPU
		{42EBAAEE-7276-4D64-B2D4-227167923579}.Debug|Any CPU.Build.0 = Debug|Any CPU
		{42EBAAEE-7276-4D64-B2D4-227167923579}.Release|Any CPU.ActiveCfg = Release|Any CPU
		{42EBAAEE-7276-4D64-B2D4-227167923579}.Release|Any CPU.Build.0 = Release|Any CPU
		{4ABA7B31-DC06-49AB-9083-B887E960A160}.Debug|Any CPU.ActiveCfg = Debug|Any CPU
		{4ABA7B31-DC06-49AB-9083-B887E960A160}.Debug|Any CPU.Build.0 = Debug|Any CPU
		{4ABA7B31-DC06-49AB-9083-B887E960A160}.Release|Any CPU.ActiveCfg = Release|Any CPU
		{4ABA7B31-DC06-49AB-9083-B887E960A160}.Release|Any CPU.Build.0 = Release|Any CPU
	EndGlobalSection
	GlobalSection(SolutionProperties) = preSolution
		HideSolutionNode = FALSE
	EndGlobalSection
	GlobalSection(ExtensibilityGlobals) = postSolution
		SolutionGuid = {5AEBE233-B9E7-4D3E-827D-F94F4389BEAF}
	EndGlobalSection
EndGlobal
